// !$*UTF8*$!
{
	archiveVersion = 1;
	classes = {
	};
	objectVersion = 46;
	objects = {

/* Begin PBXBuildFile section */
		16446F971F13D2B0003A3BBB /* main.cpp in Sources */ = {isa = PBXBuildFile; fileRef = 16446F961F13D2B0003A3BBB /* main.cpp */; };
		16446FA51F13D40C003A3BBB /* libGLEW.2.0.0.dylib in Frameworks */ = {isa = PBXBuildFile; fileRef = 16446F9E1F13D40C003A3BBB /* libGLEW.2.0.0.dylib */; };
		16446FA61F13D40C003A3BBB /* libGLEW.2.0.dylib in Frameworks */ = {isa = PBXBuildFile; fileRef = 16446F9F1F13D40C003A3BBB /* libGLEW.2.0.dylib */; };
		16446FA71F13D40C003A3BBB /* libGLEW.a in Frameworks */ = {isa = PBXBuildFile; fileRef = 16446FA01F13D40C003A3BBB /* libGLEW.a */; };
		16446FA81F13D40C003A3BBB /* libGLEW.dylib in Frameworks */ = {isa = PBXBuildFile; fileRef = 16446FA11F13D40C003A3BBB /* libGLEW.dylib */; };
		16446FAD1F13D416003A3BBB /* OpenGL.framework in Frameworks */ = {isa = PBXBuildFile; fileRef = 16446FAC1F13D416003A3BBB /* OpenGL.framework */; };
		16446FAF1F13D430003A3BBB /* glad.c in Sources */ = {isa = PBXBuildFile; fileRef = 16446FAE1F13D430003A3BBB /* glad.c */; };
		16446FB91F13DDB0003A3BBB /* libglfw.3.2.dylib in Frameworks */ = {isa = PBXBuildFile; fileRef = 16446FB61F13DDB0003A3BBB /* libglfw.3.2.dylib */; };
		16446FBA1F13DDB0003A3BBB /* libglfw.3.dylib in Frameworks */ = {isa = PBXBuildFile; fileRef = 16446FB71F13DDB0003A3BBB /* libglfw.3.dylib */; };
		16446FBB1F13DDB0003A3BBB /* libglfw.dylib in Frameworks */ = {isa = PBXBuildFile; fileRef = 16446FB81F13DDB0003A3BBB /* libglfw.dylib */; };
/* End PBXBuildFile section */

/* Begin PBXCopyFilesBuildPhase section */
		16446F911F13D2B0003A3BBB /* CopyFiles */ = {
			isa = PBXCopyFilesBuildPhase;
			buildActionMask = 2147483647;
			dstPath = /usr/share/man/man1/;
			dstSubfolderSpec = 0;
			files = (
			);
			runOnlyForDeploymentPostprocessing = 1;
		};
/* End PBXCopyFilesBuildPhase section */

/* Begin PBXFileReference section */
		16446F931F13D2B0003A3BBB /* OPGL-test-clion */ = {isa = PBXFileReference; explicitFileType = "compiled.mach-o.executable"; includeInIndex = 0; path = "OPGL-test-clion"; sourceTree = BUILT_PRODUCTS_DIR; };
		16446F961F13D2B0003A3BBB /* main.cpp */ = {isa = PBXFileReference; lastKnownFileType = sourcecode.cpp.cpp; path = main.cpp; sourceTree = "<group>"; };
		16446F9E1F13D40C003A3BBB /* libGLEW.2.0.0.dylib */ = {isa = PBXFileReference; lastKnownFileType = "compiled.mach-o.dylib"; name = libGLEW.2.0.0.dylib; path = ../../../../../../usr/local/lib/libGLEW.2.0.0.dylib; sourceTree = "<group>"; };
		16446F9F1F13D40C003A3BBB /* libGLEW.2.0.dylib */ = {isa = PBXFileReference; lastKnownFileType = "compiled.mach-o.dylib"; name = libGLEW.2.0.dylib; path = ../../../../../../usr/local/lib/libGLEW.2.0.dylib; sourceTree = "<group>"; };
		16446FA01F13D40C003A3BBB /* libGLEW.a */ = {isa = PBXFileReference; lastKnownFileType = archive.ar; name = libGLEW.a; path = ../../../../../../usr/local/lib/libGLEW.a; sourceTree = "<group>"; };
		16446FA11F13D40C003A3BBB /* libGLEW.dylib */ = {isa = PBXFileReference; lastKnownFileType = "compiled.mach-o.dylib"; name = libGLEW.dylib; path = ../../../../../../usr/local/lib/libGLEW.dylib; sourceTree = "<group>"; };
		16446FA21F13D40C003A3BBB /* libglfw.3.2.dylib */ = {isa = PBXFileReference; lastKnownFileType = "compiled.mach-o.dylib"; name = libglfw.3.2.dylib; path = ../../../../../../usr/local/lib/libglfw.3.2.dylib; sourceTree = "<group>"; };
		16446FA31F13D40C003A3BBB /* libglfw.3.dylib */ = {isa = PBXFileReference; lastKnownFileType = "compiled.mach-o.dylib"; name = libglfw.3.dylib; path = ../../../../../../usr/local/lib/libglfw.3.dylib; sourceTree = "<group>"; };
		16446FA41F13D40C003A3BBB /* libglfw.dylib */ = {isa = PBXFileReference; lastKnownFileType = "compiled.mach-o.dylib"; name = libglfw.dylib; path = ../../../../../../usr/local/lib/libglfw.dylib; sourceTree = "<group>"; };
		16446FAC1F13D416003A3BBB /* OpenGL.framework */ = {isa = PBXFileReference; lastKnownFileType = wrapper.framework; name = OpenGL.framework; path = System/Library/Frameworks/OpenGL.framework; sourceTree = SDKROOT; };
		16446FAE1F13D430003A3BBB /* glad.c */ = {isa = PBXFileReference; fileEncoding = 4; lastKnownFileType = sourcecode.c.c; path = glad.c; sourceTree = "<group>"; };
		16446FB01F13DD49003A3BBB /* libglfw.3.3.dylib */ = {isa = PBXFileReference; lastKnownFileType = "compiled.mach-o.dylib"; name = libglfw.3.3.dylib; path = ../glfw/build/src/libglfw.3.3.dylib; sourceTree = "<group>"; };
		16446FB21F13DD68003A3BBB /* libglfw.3.dylib */ = {isa = PBXFileReference; lastKnownFileType = "compiled.mach-o.dylib"; name = libglfw.3.dylib; path = ../glfw/build/src/libglfw.3.dylib; sourceTree = "<group>"; };
		16446FB31F13DD68003A3BBB /* libglfw.dylib */ = {isa = PBXFileReference; lastKnownFileType = "compiled.mach-o.dylib"; name = libglfw.dylib; path = ../glfw/build/src/libglfw.dylib; sourceTree = "<group>"; };
		16446FB61F13DDB0003A3BBB /* libglfw.3.2.dylib */ = {isa = PBXFileReference; lastKnownFileType = "compiled.mach-o.dylib"; name = libglfw.3.2.dylib; path = ../../../../../../usr/local/Cellar/glfw/3.2.1/lib/libglfw.3.2.dylib; sourceTree = "<group>"; };
		16446FB71F13DDB0003A3BBB /* libglfw.3.dylib */ = {isa = PBXFileReference; lastKnownFileType = "compiled.mach-o.dylib"; name = libglfw.3.dylib; path = ../../../../../../usr/local/Cellar/glfw/3.2.1/lib/libglfw.3.dylib; sourceTree = "<group>"; };
		16446FB81F13DDB0003A3BBB /* libglfw.dylib */ = {isa = PBXFileReference; lastKnownFileType = "compiled.mach-o.dylib"; name = libglfw.dylib; path = ../../../../../../usr/local/Cellar/glfw/3.2.1/lib/libglfw.dylib; sourceTree = "<group>"; };
/* End PBXFileReference section */

/* Begin PBXFrameworksBuildPhase section */
		16446F901F13D2B0003A3BBB /* Frameworks */ = {
			isa = PBXFrameworksBuildPhase;
			buildActionMask = 2147483647;
			files = (
				16446FAD1F13D416003A3BBB /* OpenGL.framework in Frameworks */,
				16446FA51F13D40C003A3BBB /* libGLEW.2.0.0.dylib in Frameworks */,
				16446FA61F13D40C003A3BBB /* libGLEW.2.0.dylib in Frameworks */,
				16446FB91F13DDB0003A3BBB /* libglfw.3.2.dylib in Frameworks */,
				16446FBA1F13DDB0003A3BBB /* libglfw.3.dylib in Frameworks */,
				16446FBB1F13DDB0003A3BBB /* libglfw.dylib in Frameworks */,
				16446FA71F13D40C003A3BBB /* libGLEW.a in Frameworks */,
				16446FA81F13D40C003A3BBB /* libGLEW.dylib in Frameworks */,
			);
			runOnlyForDeploymentPostprocessing = 0;
		};
/* End PBXFrameworksBuildPhase section */

/* Begin PBXGroup section */
		16446F8A1F13D2B0003A3BBB = {
			isa = PBXGroup;
			children = (
				16446F951F13D2B0003A3BBB /* OPGL-test-clion */,
				16446F941F13D2B0003A3BBB /* Products */,
				16446F9D1F13D40C003A3BBB /* Frameworks */,
			);
			sourceTree = "<group>";
		};
		16446F941F13D2B0003A3BBB /* Products */ = {
			isa = PBXGroup;
			children = (
				16446F931F13D2B0003A3BBB /* OPGL-test-clion */,
			);
			name = Products;
			sourceTree = "<group>";
		};
		16446F951F13D2B0003A3BBB /* OPGL-test-clion */ = {
			isa = PBXGroup;
			children = (
				16446FAE1F13D430003A3BBB /* glad.c */,
				16446F961F13D2B0003A3BBB /* main.cpp */,
			);
			path = "OPGL-test-clion";
			sourceTree = "<group>";
		};
		16446F9D1F13D40C003A3BBB /* Frameworks */ = {
			isa = PBXGroup;
			children = (
				16446FB61F13DDB0003A3BBB /* libglfw.3.2.dylib */,
				16446FB71F13DDB0003A3BBB /* libglfw.3.dylib */,
				16446FB81F13DDB0003A3BBB /* libglfw.dylib */,
				16446FB21F13DD68003A3BBB /* libglfw.3.dylib */,
				16446FB31F13DD68003A3BBB /* libglfw.dylib */,
				16446FB01F13DD49003A3BBB /* libglfw.3.3.dylib */,
				16446FAC1F13D416003A3BBB /* OpenGL.framework */,
				16446F9E1F13D40C003A3BBB /* libGLEW.2.0.0.dylib */,
				16446F9F1F13D40C003A3BBB /* libGLEW.2.0.dylib */,
				16446FA01F13D40C003A3BBB /* libGLEW.a */,
				16446FA11F13D40C003A3BBB /* libGLEW.dylib */,
				16446FA21F13D40C003A3BBB /* libglfw.3.2.dylib */,
				16446FA31F13D40C003A3BBB /* libglfw.3.dylib */,
				16446FA41F13D40C003A3BBB /* libglfw.dylib */,
			);
			name = Frameworks;
			sourceTree = "<group>";
		};
/* End PBXGroup section */

/* Begin PBXNativeTarget section */
		16446F921F13D2B0003A3BBB /* OPGL-test-clion */ = {
			isa = PBXNativeTarget;
			buildConfigurationList = 16446F9A1F13D2B0003A3BBB /* Build configuration list for PBXNativeTarget "OPGL-test-clion" */;
			buildPhases = (
				16446F8F1F13D2B0003A3BBB /* Sources */,
				16446F901F13D2B0003A3BBB /* Frameworks */,
				16446F911F13D2B0003A3BBB /* CopyFiles */,
			);
			buildRules = (
			);
			dependencies = (
			);
			name = "OPGL-test-clion";
			productName = "OPGL-test-clion";
			productReference = 16446F931F13D2B0003A3BBB /* OPGL-test-clion */;
			productType = "com.apple.product-type.tool";
		};
/* End PBXNativeTarget section */

/* Begin PBXProject section */
		16446F8B1F13D2B0003A3BBB /* Project object */ = {
			isa = PBXProject;
			attributes = {
				LastUpgradeCheck = 0830;
				ORGANIZATIONNAME = invoker;
				TargetAttributes = {
					16446F921F13D2B0003A3BBB = {
						CreatedOnToolsVersion = 8.3.3;
						ProvisioningStyle = Automatic;
					};
				};
			};
			buildConfigurationList = 16446F8E1F13D2B0003A3BBB /* Build configuration list for PBXProject "OPGL-test-clion" */;
			compatibilityVersion = "Xcode 3.2";
			developmentRegion = English;
			hasScannedForEncodings = 0;
			knownRegions = (
				en,
			);
			mainGroup = 16446F8A1F13D2B0003A3BBB;
			productRefGroup = 16446F941F13D2B0003A3BBB /* Products */;
			projectDirPath = "";
			projectRoot = "";
			targets = (
				16446F921F13D2B0003A3BBB /* OPGL-test-clion */,
			);
		};
/* End PBXProject section */

/* Begin PBXSourcesBuildPhase section */
		16446F8F1F13D2B0003A3BBB /* Sources */ = {
			isa = PBXSourcesBuildPhase;
			buildActionMask = 2147483647;
			files = (
				16446F971F13D2B0003A3BBB /* main.cpp in Sources */,
				16446FAF1F13D430003A3BBB /* glad.c in Sources */,
			);
			runOnlyForDeploymentPostprocessing = 0;
		};
/* End PBXSourcesBuildPhase section */

/* Begin XCBuildConfiguration section */
		16446F981F13D2B0003A3BBB /* Debug */ = {
			isa = XCBuildConfiguration;
			buildSettings = {
				ALWAYS_SEARCH_USER_PATHS = NO;
				CLANG_ANALYZER_NONNULL = YES;
				CLANG_ANALYZER_NUMBER_OBJECT_CONVERSION = YES_AGGRESSIVE;
				CLANG_CXX_LANGUAGE_STANDARD = "gnu++0x";
				CLANG_CXX_LIBRARY = "libc++";
				CLANG_ENABLE_MODULES = YES;
				CLANG_ENABLE_OBJC_ARC = YES;
				CLANG_WARN_BOOL_CONVERSION = YES;
				CLANG_WARN_CONSTANT_CONVERSION = YES;
				CLANG_WARN_DIRECT_OBJC_ISA_USAGE = YES_ERROR;
				CLANG_WARN_DOCUMENTATION_COMMENTS = YES;
				CLANG_WARN_EMPTY_BODY = YES;
				CLANG_WARN_ENUM_CONVERSION = YES;
				CLANG_WARN_INFINITE_RECURSION = YES;
				CLANG_WARN_INT_CONVERSION = YES;
				CLANG_WARN_OBJC_ROOT_CLASS = YES_ERROR;
				CLANG_WARN_SUSPICIOUS_MOVE = YES;
				CLANG_WARN_UNREACHABLE_CODE = YES;
				CLANG_WARN__DUPLICATE_METHOD_MATCH = YES;
				CODE_SIGN_IDENTITY = "-";
				COPY_PHASE_STRIP = NO;
				DEBUG_INFORMATION_FORMAT = dwarf;
				ENABLE_STRICT_OBJC_MSGSEND = YES;
				ENABLE_TESTABILITY = YES;
				GCC_C_LANGUAGE_STANDARD = gnu99;
				GCC_DYNAMIC_NO_PIC = NO;
				GCC_NO_COMMON_BLOCKS = YES;
				GCC_OPTIMIZATION_LEVEL = 0;
				GCC_PREPROCESSOR_DEFINITIONS = (
					"DEBUG=1",
					"$(inherited)",
				);
				GCC_WARN_64_TO_32_BIT_CONVERSION = YES;
				GCC_WARN_ABOUT_RETURN_TYPE = YES_ERROR;
				GCC_WARN_UNDECLARED_SELECTOR = YES;
				GCC_WARN_UNINITIALIZED_AUTOS = YES_AGGRESSIVE;
				GCC_WARN_UNUSED_FUNCTION = YES;
				GCC_WARN_UNUSED_VARIABLE = YES;
				MACOSX_DEPLOYMENT_TARGET = 10.12;
				MTL_ENABLE_DEBUG_INFO = YES;
				ONLY_ACTIVE_ARCH = YES;
				SDKROOT = macosx;
			};
			name = Debug;
		};
		16446F991F13D2B0003A3BBB /* Release */ = {
			isa = XCBuildConfiguration;
			buildSettings = {
				ALWAYS_SEARCH_USER_PATHS = NO;
				CLANG_ANALYZER_NONNULL = YES;
				CLANG_ANALYZER_NUMBER_OBJECT_CONVERSION = YES_AGGRESSIVE;
				CLANG_CXX_LANGUAGE_STANDARD = "gnu++0x";
				CLANG_CXX_LIBRARY = "libc++";
				CLANG_ENABLE_MODULES = YES;
				CLANG_ENABLE_OBJC_ARC = YES;
				CLANG_WARN_BOOL_CONVERSION = YES;
				CLANG_WARN_CONSTANT_CONVERSION = YES;
				CLANG_WARN_DIRECT_OBJC_ISA_USAGE = YES_ERROR;
				CLANG_WARN_DOCUMENTATION_COMMENTS = YES;
				CLANG_WARN_EMPTY_BODY = YES;
				CLANG_WARN_ENUM_CONVERSION = YES;
				CLANG_WARN_INFINITE_RECURSION = YES;
				CLANG_WARN_INT_CONVERSION = YES;
				CLANG_WARN_OBJC_ROOT_CLASS = YES_ERROR;
				CLANG_WARN_SUSPICIOUS_MOVE = YES;
				CLANG_WARN_UNREACHABLE_CODE = YES;
				CLANG_WARN__DUPLICATE_METHOD_MATCH = YES;
				CODE_SIGN_IDENTITY = "-";
				COPY_PHASE_STRIP = NO;
				DEBUG_INFORMATION_FORMAT = "dwarf-with-dsym";
				ENABLE_NS_ASSERTIONS = NO;
				ENABLE_STRICT_OBJC_MSGSEND = YES;
				GCC_C_LANGUAGE_STANDARD = gnu99;
				GCC_NO_COMMON_BLOCKS = YES;
				GCC_WARN_64_TO_32_BIT_CONVERSION = YES;
				GCC_WARN_ABOUT_RETURN_TYPE = YES_ERROR;
				GCC_WARN_UNDECLARED_SELECTOR = YES;
				GCC_WARN_UNINITIALIZED_AUTOS = YES_AGGRESSIVE;
				GCC_WARN_UNUSED_FUNCTION = YES;
				GCC_WARN_UNUSED_VARIABLE = YES;
				MACOSX_DEPLOYMENT_TARGET = 10.12;
				MTL_ENABLE_DEBUG_INFO = NO;
				SDKROOT = macosx;
			};
			name = Release;
		};
		16446F9B1F13D2B0003A3BBB /* Debug */ = {
			isa = XCBuildConfiguration;
			buildSettings = {
				HEADER_SEARCH_PATHS = (
					"\"$(SRCROOT)/OPGL-test-clion/GLAD\"",
					/usr/local/include,
					"\"$(SRCROOT)/../glfw/include\"",
				);
				LIBRARY_SEARCH_PATHS = (
					/usr/local/lib,
					/usr/local/Cellar/glfw/3.2.1/lib,
				);
				PRODUCT_NAME = "$(TARGET_NAME)";
			};
			name = Debug;
		};
		16446F9C1F13D2B0003A3BBB /* Release */ = {
			isa = XCBuildConfiguration;
			buildSettings = {
				LIBRARY_SEARCH_PATHS = (
					/usr/local/lib,
					/usr/local/Cellar/glfw/3.2.1/lib,
				);
				PRODUCT_NAME = "$(TARGET_NAME)";
			};
			name = Release;
		};
/* End XCBuildConfiguration section */

/* Begin XCConfigurationList section */
		16446F8E1F13D2B0003A3BBB /* Build configuration list for PBXProject "OPGL-test-clion" */ = {
			isa = XCConfigurationList;
			buildConfigurations = (
				16446F981F13D2B0003A3BBB /* Debug */,
				16446F991F13D2B0003A3BBB /* Release */,
			);
			defaultConfigurationIsVisible = 0;
			defaultConfigurationName = Release;
		};
		16446F9A1F13D2B0003A3BBB /* Build configuration list for PBXNativeTarget "OPGL-test-clion" */ = {
			isa = XCConfigurationList;
			buildConfigurations = (
				16446F9B1F13D2B0003A3BBB /* Debug */,
				16446F9C1F13D2B0003A3BBB /* Release */,
			);
			defaultConfigurationIsVisible = 0;
			defaultConfigurationName = Release;
		};
/* End XCConfigurationList section */
	};
	rootObject = 16446F8B1F13D2B0003A3BBB /* Project object */;
}
